
Microsoft Visual Studio Solution File, Format Version 12.00
# Visual Studio Version 17
VisualStudioVersion = 17.13.35931.197
MinimumVisualStudioVersion = 10.0.40219.1
Project("{FAE04EC0-301F-11D3-BF4B-00C04F79EFBC}") = "SimpleBlog", "SimpleBlog\SimpleBlog.csproj", "{C0B9D577-023D-44B9-9EC6-6BBC2687DBDB}"
EndProject
Project("{FAE04EC0-301F-11D3-BF4B-00C04F79EFBC}") = "QuillEditor", "QuillEditor\QuillEditor.csproj", "{9EA80F9A-7DDF-4121-89AA-CC996E4DFA97}"
EndProject
Project("{2150E333-8FDC-42A3-9474-1A3956D46DE8}") = "Projektmappenelemente", "Projektmappenelemente", "{84D27F74-D2BA-6C25-2661-968F101900D9}"
	ProjectSection(SolutionItems) = preProject
		LICENSE = LICENSE
		README.md = README.md
	EndProjectSection
EndProject
Global
	GlobalSection(SolutionConfigurationPlatforms) = preSolution
		Debug|Any CPU = Debug|Any CPU
		Release|Any CPU = Release|Any CPU
	EndGlobalSection
	GlobalSection(ProjectConfigurationPlatforms) = postSolution
		{C0B9D577-023D-44B9-9EC6-6BBC2687DBDB}.Debug|Any CPU.ActiveCfg = Debug|Any CPU
		{C0B9D577-023D-44B9-9EC6-6BBC2687DBDB}.Debug|Any CPU.Build.0 = Debug|Any CPU
		{C0B9D577-023D-44B9-9EC6-6BBC2687DBDB}.Release|Any CPU.ActiveCfg = Release|Any CPU
		{C0B9D577-023D-44B9-9EC6-6BBC2687DBDB}.Release|Any CPU.Build.0 = Release|Any CPU
		{9EA80F9A-7DDF-4121-89AA-CC996E4DFA97}.Debug|Any CPU.ActiveCfg = Debug|Any CPU
		{9EA80F9A-7DDF-4121-89AA-CC996E4DFA97}.Debug|Any CPU.Build.0 = Debug|Any CPU
		{9EA80F9A-7DDF-4121-89AA-CC996E4DFA97}.Release|Any CPU.ActiveCfg = Release|Any CPU
		{9EA80F9A-7DDF-4121-89AA-CC996E4DFA97}.Release|Any CPU.Build.0 = Release|Any CPU
	EndGlobalSection
	GlobalSection(SolutionProperties) = preSolution
		HideSolutionNode = FALSE
	EndGlobalSection
	GlobalSection(ExtensibilityGlobals) = postSolution
		SolutionGuid = {89A25706-072A-450A-9327-53ADEF8B9A3C}
	EndGlobalSection
EndGlobal
